
Microsoft Visual Studio Solution File, Format Version 12.00
# Visual Studio 15
VisualStudioVersion = 15.0.28307.1340
MinimumVisualStudioVersion = 10.0.40219.1
Project("{FAE04EC0-301F-11D3-BF4B-00C04F79EFBC}") = "VeterinerAPI", "VeterinerAPI\VeterinerAPI.csproj", "{DB9EAF0B-97DC-4FAD-B5EA-AE0FD31F7308}"
EndProject
Global
	GlobalSection(SolutionConfigurationPlatforms) = preSolution
		Debug|Any CPU = Debug|Any CPU
		Release|Any CPU = Release|Any CPU
	EndGlobalSection
	GlobalSection(ProjectConfigurationPlatforms) = postSolution
		{DB9EAF0B-97DC-4FAD-B5EA-AE0FD31F7308}.Debug|Any CPU.ActiveCfg = Debug|Any CPU
		{DB9EAF0B-97DC-4FAD-B5EA-AE0FD31F7308}.Debug|Any CPU.Build.0 = Debug|Any CPU
		{DB9EAF0B-97DC-4FAD-B5EA-AE0FD31F7308}.Release|Any CPU.ActiveCfg = Release|Any CPU
		{DB9EAF0B-97DC-4FAD-B5EA-AE0FD31F7308}.Release|Any CPU.Build.0 = Release|Any CPU
	EndGlobalSection
	GlobalSection(SolutionProperties) = preSolution
		HideSolutionNode = FALSE
	EndGlobalSection
	GlobalSection(ExtensibilityGlobals) = postSolution
		SolutionGuid = {B5FE7EC9-06AC-4178-9235-B0C561F064D3}
	EndGlobalSection
EndGlobal
